{
  "name": "artur",
  "lockfileVersion": 2,
  "requires": true,
  "packages": {
    "": {
      "dependencies": {
        "svelte-file-dropzone": "^1.0.0-dev.1"
      }
    },
    "node_modules/file-selector": {
      "version": "0.2.4",
      "resolved": "https://registry.npmjs.org/file-selector/-/file-selector-0.2.4.tgz",
      "integrity": "sha512-ZDsQNbrv6qRi1YTDOEWzf5J2KjZ9KMI1Q2SGeTkCJmNNW25Jg4TW4UMcmoqcg4WrAyKRcpBXdbWRxkfrOzVRbA==",
      "dependencies": {
        "tslib": "^2.0.3"
      },
      "engines": {
        "node": ">= 10"
      }
    },
    "node_modules/svelte-file-dropzone": {
      "version": "1.0.0-dev.1",
      "resolved": "https://registry.npmjs.org/svelte-file-dropzone/-/svelte-file-dropzone-1.0.0-dev.1.tgz",
      "integrity": "sha512-u0kxaUsgXiNBye0EzP+NlyA2/AlgtvtvmP6ywfDxBx8kRzld7Yeo34KIKTpD/R7qYy4YhqTu0OA1V0fwY1/IoQ==",
      "dependencies": {
        "file-selector": "^0.2.2"
      }
    },
    "node_modules/tslib": {
      "version": "2.3.1",
      "resolved": "https://registry.npmjs.org/tslib/-/tslib-2.3.1.tgz",
      "integrity": "sha512-77EbyPPpMz+FRFRuAFlWMtmgUWGe9UOG2Z25NqCwiIjRhOf5iKGuzSe5P2w1laq+FkRy4p+PCuVkJSGkzTEKVw=="
    }
  },
  "dependencies": {
    "file-selector": {
      "version": "0.2.4",
      "resolved": "https://registry.npmjs.org/file-selector/-/file-selector-0.2.4.tgz",
      "integrity": "sha512-ZDsQNbrv6qRi1YTDOEWzf5J2KjZ9KMI1Q2SGeTkCJmNNW25Jg4TW4UMcmoqcg4WrAyKRcpBXdbWRxkfrOzVRbA==",
      "requires": {
        "tslib": "^2.0.3"
      }
    },
    "svelte-file-dropzone": {
      "version": "1.0.0-dev.1",
      "resolved": "https://registry.npmjs.org/svelte-file-dropzone/-/svelte-file-dropzone-1.0.0-dev.1.tgz",
      "integrity": "sha512-u0kxaUsgXiNBye0EzP+NlyA2/AlgtvtvmP6ywfDxBx8kRzld7Yeo34KIKTpD/R7qYy4YhqTu0OA1V0fwY1/IoQ==",
      "requires": {
        "file-selector": "^0.2.2"
      }
    },
    "tslib": {
      "version": "2.3.1",
      "resolved": "https://registry.npmjs.org/tslib/-/tslib-2.3.1.tgz",
      "integrity": "sha512-77EbyPPpMz+FRFRuAFlWMtmgUWGe9UOG2Z25NqCwiIjRhOf5iKGuzSe5P2w1laq+FkRy4p+PCuVkJSGkzTEKVw=="
    }
  }
}
